
Microsoft Visual Studio Solution File, Format Version 12.00
# Visual Studio Version 17
VisualStudioVersion = 17.5.33627.172
MinimumVisualStudioVersion = 10.0.40219.1
Project("{FAE04EC0-301F-11D3-BF4B-00C04F79EFBC}") = "GulerArchitect", "GulerArchitect\GulerArchitect.csproj", "{21C08B93-EB3B-4313-85EB-E97B0C5DA83B}"
EndProject
Global
	GlobalSection(SolutionConfigurationPlatforms) = preSolution
		Debug|Any CPU = Debug|Any CPU
		Release|Any CPU = Release|Any CPU
	EndGlobalSection
	GlobalSection(ProjectConfigurationPlatforms) = postSolution
		{21C08B93-EB3B-4313-85EB-E97B0C5DA83B}.Debug|Any CPU.ActiveCfg = Debug|Any CPU
		{21C08B93-EB3B-4313-85EB-E97B0C5DA83B}.Debug|Any CPU.Build.0 = Debug|Any CPU
		{21C08B93-EB3B-4313-85EB-E97B0C5DA83B}.Release|Any CPU.ActiveCfg = Release|Any CPU
		{21C08B93-EB3B-4313-85EB-E97B0C5DA83B}.Release|Any CPU.Build.0 = Release|Any CPU
	EndGlobalSection
	GlobalSection(SolutionProperties) = preSolution
		HideSolutionNode = FALSE
	EndGlobalSection
	GlobalSection(ExtensibilityGlobals) = postSolution
		SolutionGuid = {D55658D6-CC5C-419D-AF7D-377A4302FF4A}
	EndGlobalSection
EndGlobal
